// !$*UTF8*$!
{
	archiveVersion = 1;
	classes = {
	};
	objectVersion = 46;
	objects = {

/* Begin PBXBuildFile section */
		31F945021A46E4E700BF7C58 /* main.m in Sources */ = {isa = PBXBuildFile; fileRef = 31F945011A46E4E700BF7C58 /* main.m */; };
		31F945051A46E4E700BF7C58 /* AppDelegate.m in Sources */ = {isa = PBXBuildFile; fileRef = 31F945041A46E4E700BF7C58 /* AppDelegate.m */; };
		31F945081A46E4E700BF7C58 /* ViewController.m in Sources */ = {isa = PBXBuildFile; fileRef = 31F945071A46E4E700BF7C58 /* ViewController.m */; };
		31F9450B1A46E4E700BF7C58 /* Main.storyboard in Resources */ = {isa = PBXBuildFile; fileRef = 31F945091A46E4E700BF7C58 /* Main.storyboard */; };
		31F9450D1A46E4E700BF7C58 /* Images.xcassets in Resources */ = {isa = PBXBuildFile; fileRef = 31F9450C1A46E4E700BF7C58 /* Images.xcassets */; };
		31F945101A46E4E700BF7C58 /* LaunchScreen.xib in Resources */ = {isa = PBXBuildFile; fileRef = 31F9450E1A46E4E700BF7C58 /* LaunchScreen.xib */; };
		31F9451C1A46E4E700BF7C58 /* ETTests.m in Sources */ = {isa = PBXBuildFile; fileRef = 31F9451B1A46E4E700BF7C58 /* ETTests.m */; };
		31F945741A46E59B00BF7C58 /* ETCaseDataContract.m in Sources */ = {isa = PBXBuildFile; fileRef = 31F945281A46E59B00BF7C58 /* ETCaseDataContract.m */; };
		31F945751A46E59B00BF7C58 /* ETCaseObject.m in Sources */ = {isa = PBXBuildFile; fileRef = 31F9452A1A46E59B00BF7C58 /* ETCaseObject.m */; };
		31F945761A46E59B00BF7C58 /* ETDepartmentObject.m in Sources */ = {isa = PBXBuildFile; fileRef = 31F9452C1A46E59B00BF7C58 /* ETDepartmentObject.m */; };
		31F945771A46E59B00BF7C58 /* ETGetDepartments.m in Sources */ = {isa = PBXBuildFile; fileRef = 31F9452E1A46E59B00BF7C58 /* ETGetDepartments.m */; };
		31F945781A46E59B00BF7C58 /* ETGetDepartmentsResponse.m in Sources */ = {isa = PBXBuildFile; fileRef = 31F945301A46E59B00BF7C58 /* ETGetDepartmentsResponse.m */; };
		31F945791A46E59B00BF7C58 /* ETGetlookupItems.m in Sources */ = {isa = PBXBuildFile; fileRef = 31F945321A46E59B00BF7C58 /* ETGetlookupItems.m */; };
		31F9457A1A46E59B00BF7C58 /* ETGetlookupItemsResponse.m in Sources */ = {isa = PBXBuildFile; fileRef = 31F945341A46E59B00BF7C58 /* ETGetlookupItemsResponse.m */; };
		31F9457B1A46E59B00BF7C58 /* ETGetOptionsSetValues.m in Sources */ = {isa = PBXBuildFile; fileRef = 31F945361A46E59B00BF7C58 /* ETGetOptionsSetValues.m */; };
		31F9457C1A46E59B00BF7C58 /* ETGetOptionsSetValuesResponse.m in Sources */ = {isa = PBXBuildFile; fileRef = 31F945381A46E59B00BF7C58 /* ETGetOptionsSetValuesResponse.m */; };
		31F9457D1A46E59B00BF7C58 /* ETGetServiceCenterDetailsById.m in Sources */ = {isa = PBXBuildFile; fileRef = 31F9453A1A46E59B00BF7C58 /* ETGetServiceCenterDetailsById.m */; };
		31F9457E1A46E59B00BF7C58 /* ETGetServiceCenterDetailsByIdResponse.m in Sources */ = {isa = PBXBuildFile; fileRef = 31F9453C1A46E59B00BF7C58 /* ETGetServiceCenterDetailsByIdResponse.m */; };
		31F9457F1A46E59B00BF7C58 /* ETGetServiceCentersByDepartmentId.m in Sources */ = {isa = PBXBuildFile; fileRef = 31F9453E1A46E59B00BF7C58 /* ETGetServiceCentersByDepartmentId.m */; };
		31F945801A46E59B00BF7C58 /* ETGetServiceCentersByDepartmentIdResponse.m in Sources */ = {isa = PBXBuildFile; fileRef = 31F945401A46E59B00BF7C58 /* ETGetServiceCentersByDepartmentIdResponse.m */; };
		31F945811A46E59B00BF7C58 /* ETGetServicesPerCenter.m in Sources */ = {isa = PBXBuildFile; fileRef = 31F945421A46E59B00BF7C58 /* ETGetServicesPerCenter.m */; };
		31F945821A46E59B00BF7C58 /* ETGetServicesPerCenterResponse.m in Sources */ = {isa = PBXBuildFile; fileRef = 31F945441A46E59B00BF7C58 /* ETGetServicesPerCenterResponse.m */; };
		31F945831A46E59B00BF7C58 /* ETGuidLookupItem.m in Sources */ = {isa = PBXBuildFile; fileRef = 31F945461A46E59B00BF7C58 /* ETGuidLookupItem.m */; };
		31F945841A46E59B00BF7C58 /* ETIntLookupItem.m in Sources */ = {isa = PBXBuildFile; fileRef = 31F945481A46E59B00BF7C58 /* ETIntLookupItem.m */; };
		31F945851A46E59B00BF7C58 /* ETLookupItem.m in Sources */ = {isa = PBXBuildFile; fileRef = 31F9454A1A46E59B00BF7C58 /* ETLookupItem.m */; };
		31F945861A46E59B00BF7C58 /* ETResponseObject.m in Sources */ = {isa = PBXBuildFile; fileRef = 31F9454C1A46E59B00BF7C58 /* ETResponseObject.m */; };
		31F945871A46E59B00BF7C58 /* ETRetrieveCasesById.m in Sources */ = {isa = PBXBuildFile; fileRef = 31F9454E1A46E59B00BF7C58 /* ETRetrieveCasesById.m */; };
		31F945881A46E59B00BF7C58 /* ETRetrieveCasesByIdResponse.m in Sources */ = {isa = PBXBuildFile; fileRef = 31F945501A46E59B00BF7C58 /* ETRetrieveCasesByIdResponse.m */; };
		31F945891A46E59B00BF7C58 /* ETRetrieveCasesByNumber.m in Sources */ = {isa = PBXBuildFile; fileRef = 31F945521A46E59B00BF7C58 /* ETRetrieveCasesByNumber.m */; };
		31F9458A1A46E59B00BF7C58 /* ETRetrieveCasesByNumberResponse.m in Sources */ = {isa = PBXBuildFile; fileRef = 31F945541A46E59B00BF7C58 /* ETRetrieveCasesByNumberResponse.m */; };
		31F9458B1A46E59B00BF7C58 /* ETRetrieveCasesByUser.m in Sources */ = {isa = PBXBuildFile; fileRef = 31F945561A46E59B00BF7C58 /* ETRetrieveCasesByUser.m */; };
		31F9458C1A46E59B00BF7C58 /* ETRetrieveCasesByUserResponse.m in Sources */ = {isa = PBXBuildFile; fileRef = 31F945581A46E59B00BF7C58 /* ETRetrieveCasesByUserResponse.m */; };
		31F9458D1A46E59B00BF7C58 /* ETRetrieveFilteredDropdownValues.m in Sources */ = {isa = PBXBuildFile; fileRef = 31F9455A1A46E59B00BF7C58 /* ETRetrieveFilteredDropdownValues.m */; };
		31F9458E1A46E59B00BF7C58 /* ETRetrieveFilteredDropdownValuesResponse.m in Sources */ = {isa = PBXBuildFile; fileRef = 31F9455C1A46E59B00BF7C58 /* ETRetrieveFilteredDropdownValuesResponse.m */; };
		31F9458F1A46E59B00BF7C58 /* ETRetrieveServiceCenters.m in Sources */ = {isa = PBXBuildFile; fileRef = 31F9455E1A46E59B00BF7C58 /* ETRetrieveServiceCenters.m */; };
		31F945901A46E59B00BF7C58 /* ETRetrieveServiceCentersResponse.m in Sources */ = {isa = PBXBuildFile; fileRef = 31F945601A46E59B00BF7C58 /* ETRetrieveServiceCentersResponse.m */; };
		31F945911A46E59B00BF7C58 /* ETService.m in Sources */ = {isa = PBXBuildFile; fileRef = 31F945621A46E59B00BF7C58 /* ETService.m */; };
		31F945921A46E59B00BF7C58 /* ETServiceCenter.m in Sources */ = {isa = PBXBuildFile; fileRef = 31F945641A46E59B00BF7C58 /* ETServiceCenter.m */; };
		31F945931A46E59B00BF7C58 /* ETServiceClient.m in Sources */ = {isa = PBXBuildFile; fileRef = 31F945661A46E59B00BF7C58 /* ETServiceClient.m */; };
		31F945941A46E59B00BF7C58 /* ETSubmitAppreciation.m in Sources */ = {isa = PBXBuildFile; fileRef = 31F945691A46E59B00BF7C58 /* ETSubmitAppreciation.m */; };
		31F945951A46E59B00BF7C58 /* ETSubmitAppreciationResponse.m in Sources */ = {isa = PBXBuildFile; fileRef = 31F9456B1A46E59B00BF7C58 /* ETSubmitAppreciationResponse.m */; };
		31F945961A46E59B00BF7C58 /* ETSubmitComplaint.m in Sources */ = {isa = PBXBuildFile; fileRef = 31F9456D1A46E59B00BF7C58 /* ETSubmitComplaint.m */; };
		31F945971A46E59B00BF7C58 /* ETSubmitComplaintResponse.m in Sources */ = {isa = PBXBuildFile; fileRef = 31F9456F1A46E59B00BF7C58 /* ETSubmitComplaintResponse.m */; };
		31F945981A46E59B00BF7C58 /* ETSubmitSuggestion.m in Sources */ = {isa = PBXBuildFile; fileRef = 31F945711A46E59B00BF7C58 /* ETSubmitSuggestion.m */; };
		31F945991A46E59B00BF7C58 /* ETSubmitSuggestionResponse.m in Sources */ = {isa = PBXBuildFile; fileRef = 31F945731A46E59B00BF7C58 /* ETSubmitSuggestionResponse.m */; };
		31F945A31A46E60100BF7C58 /* WebService.m in Sources */ = {isa = PBXBuildFile; fileRef = 31F9459F1A46E60100BF7C58 /* WebService.m */; };
		31F945A41A46E60100BF7C58 /* WebServiceEntities.m in Sources */ = {isa = PBXBuildFile; fileRef = 31F945A01A46E60100BF7C58 /* WebServiceEntities.m */; };
		31F945A51A46E60100BF7C58 /* WebServiceRequest.m in Sources */ = {isa = PBXBuildFile; fileRef = 31F945A11A46E60100BF7C58 /* WebServiceRequest.m */; };
		31F945A61A46E60100BF7C58 /* WebServiceResponse.m in Sources */ = {isa = PBXBuildFile; fileRef = 31F945A21A46E60100BF7C58 /* WebServiceResponse.m */; };
		31F945B41A46E64300BF7C58 /* OBShapedButton.m in Sources */ = {isa = PBXBuildFile; fileRef = 31F945A91A46E64300BF7C58 /* OBShapedButton.m */; };
		31F945B51A46E64300BF7C58 /* UIImage+ColorAtPixel.m in Sources */ = {isa = PBXBuildFile; fileRef = 31F945AB1A46E64300BF7C58 /* UIImage+ColorAtPixel.m */; };
		31F945B61A46E64300BF7C58 /* UIView+ZZFontSetter.m in Sources */ = {isa = PBXBuildFile; fileRef = 31F945AD1A46E64300BF7C58 /* UIView+ZZFontSetter.m */; };
		31F945B71A46E64300BF7C58 /* MBProgressHUD.m in Sources */ = {isa = PBXBuildFile; fileRef = 31F945AF1A46E64300BF7C58 /* MBProgressHUD.m */; };
		31F945B81A46E64300BF7C58 /* SettingsController.m in Sources */ = {isa = PBXBuildFile; fileRef = 31F945B11A46E64300BF7C58 /* SettingsController.m */; };
		31F945B91A46E64300BF7C58 /* ETViewController.m in Sources */ = {isa = PBXBuildFile; fileRef = 31F945B31A46E64300BF7C58 /* ETViewController.m */; };
/* End PBXBuildFile section */

/* Begin PBXContainerItemProxy section */
		31F945161A46E4E700BF7C58 /* PBXContainerItemProxy */ = {
			isa = PBXContainerItemProxy;
			containerPortal = 31F944F41A46E4E700BF7C58 /* Project object */;
			proxyType = 1;
			remoteGlobalIDString = 31F944FB1A46E4E700BF7C58;
			remoteInfo = ET;
		};
/* End PBXContainerItemProxy section */

/* Begin PBXFileReference section */
		31F944FC1A46E4E700BF7C58 /* ET.app */ = {isa = PBXFileReference; explicitFileType = wrapper.application; includeInIndex = 0; path = ET.app; sourceTree = BUILT_PRODUCTS_DIR; };
		31F945001A46E4E700BF7C58 /* Info.plist */ = {isa = PBXFileReference; lastKnownFileType = text.plist.xml; path = Info.plist; sourceTree = "<group>"; };
		31F945011A46E4E700BF7C58 /* main.m */ = {isa = PBXFileReference; lastKnownFileType = sourcecode.c.objc; path = main.m; sourceTree = "<group>"; };
		31F945031A46E4E700BF7C58 /* AppDelegate.h */ = {isa = PBXFileReference; lastKnownFileType = sourcecode.c.h; path = AppDelegate.h; sourceTree = "<group>"; };
		31F945041A46E4E700BF7C58 /* AppDelegate.m */ = {isa = PBXFileReference; lastKnownFileType = sourcecode.c.objc; path = AppDelegate.m; sourceTree = "<group>"; };
		31F945061A46E4E700BF7C58 /* ViewController.h */ = {isa = PBXFileReference; lastKnownFileType = sourcecode.c.h; path = ViewController.h; sourceTree = "<group>"; };
		31F945071A46E4E700BF7C58 /* ViewController.m */ = {isa = PBXFileReference; lastKnownFileType = sourcecode.c.objc; path = ViewController.m; sourceTree = "<group>"; };
		31F9450A1A46E4E700BF7C58 /* Base */ = {isa = PBXFileReference; lastKnownFileType = file.storyboard; name = Base; path = Base.lproj/Main.storyboard; sourceTree = "<group>"; };
		31F9450C1A46E4E700BF7C58 /* Images.xcassets */ = {isa = PBXFileReference; lastKnownFileType = folder.assetcatalog; path = Images.xcassets; sourceTree = "<group>"; };
		31F9450F1A46E4E700BF7C58 /* Base */ = {isa = PBXFileReference; lastKnownFileType = file.xib; name = Base; path = Base.lproj/LaunchScreen.xib; sourceTree = "<group>"; };
		31F945151A46E4E700BF7C58 /* ETTests.xctest */ = {isa = PBXFileReference; explicitFileType = wrapper.cfbundle; includeInIndex = 0; path = ETTests.xctest; sourceTree = BUILT_PRODUCTS_DIR; };
		31F9451A1A46E4E700BF7C58 /* Info.plist */ = {isa = PBXFileReference; lastKnownFileType = text.plist.xml; path = Info.plist; sourceTree = "<group>"; };
		31F9451B1A46E4E700BF7C58 /* ETTests.m */ = {isa = PBXFileReference; lastKnownFileType = sourcecode.c.objc; path = ETTests.m; sourceTree = "<group>"; };
		31F945271A46E59B00BF7C58 /* ETCaseDataContract.h */ = {isa = PBXFileReference; fileEncoding = 4; lastKnownFileType = sourcecode.c.h; path = ETCaseDataContract.h; sourceTree = "<group>"; };
		31F945281A46E59B00BF7C58 /* ETCaseDataContract.m */ = {isa = PBXFileReference; fileEncoding = 4; lastKnownFileType = sourcecode.c.objc; path = ETCaseDataContract.m; sourceTree = "<group>"; };
		31F945291A46E59B00BF7C58 /* ETCaseObject.h */ = {isa = PBXFileReference; fileEncoding = 4; lastKnownFileType = sourcecode.c.h; path = ETCaseObject.h; sourceTree = "<group>"; };
		31F9452A1A46E59B00BF7C58 /* ETCaseObject.m */ = {isa = PBXFileReference; fileEncoding = 4; lastKnownFileType = sourcecode.c.objc; path = ETCaseObject.m; sourceTree = "<group>"; };
		31F9452B1A46E59B00BF7C58 /* ETDepartmentObject.h */ = {isa = PBXFileReference; fileEncoding = 4; lastKnownFileType = sourcecode.c.h; path = ETDepartmentObject.h; sourceTree = "<group>"; };
		31F9452C1A46E59B00BF7C58 /* ETDepartmentObject.m */ = {isa = PBXFileReference; fileEncoding = 4; lastKnownFileType = sourcecode.c.objc; path = ETDepartmentObject.m; sourceTree = "<group>"; };
		31F9452D1A46E59B00BF7C58 /* ETGetDepartments.h */ = {isa = PBXFileReference; fileEncoding = 4; lastKnownFileType = sourcecode.c.h; path = ETGetDepartments.h; sourceTree = "<group>"; };
		31F9452E1A46E59B00BF7C58 /* ETGetDepartments.m */ = {isa = PBXFileReference; fileEncoding = 4; lastKnownFileType = sourcecode.c.objc; path = ETGetDepartments.m; sourceTree = "<group>"; };
		31F9452F1A46E59B00BF7C58 /* ETGetDepartmentsResponse.h */ = {isa = PBXFileReference; fileEncoding = 4; lastKnownFileType = sourcecode.c.h; path = ETGetDepartmentsResponse.h; sourceTree = "<group>"; };
		31F945301A46E59B00BF7C58 /* ETGetDepartmentsResponse.m */ = {isa = PBXFileReference; fileEncoding = 4; lastKnownFileType = sourcecode.c.objc; path = ETGetDepartmentsResponse.m; sourceTree = "<group>"; };
		31F945311A46E59B00BF7C58 /* ETGetlookupItems.h */ = {isa = PBXFileReference; fileEncoding = 4; lastKnownFileType = sourcecode.c.h; path = ETGetlookupItems.h; sourceTree = "<group>"; };
		31F945321A46E59B00BF7C58 /* ETGetlookupItems.m */ = {isa = PBXFileReference; fileEncoding = 4; lastKnownFileType = sourcecode.c.objc; path = ETGetlookupItems.m; sourceTree = "<group>"; };
		31F945331A46E59B00BF7C58 /* ETGetlookupItemsResponse.h */ = {isa = PBXFileReference; fileEncoding = 4; lastKnownFileType = sourcecode.c.h; path = ETGetlookupItemsResponse.h; sourceTree = "<group>"; };
		31F945341A46E59B00BF7C58 /* ETGetlookupItemsResponse.m */ = {isa = PBXFileReference; fileEncoding = 4; lastKnownFileType = sourcecode.c.objc; path = ETGetlookupItemsResponse.m; sourceTree = "<group>"; };
		31F945351A46E59B00BF7C58 /* ETGetOptionsSetValues.h */ = {isa = PBXFileReference; fileEncoding = 4; lastKnownFileType = sourcecode.c.h; path = ETGetOptionsSetValues.h; sourceTree = "<group>"; };
		31F945361A46E59B00BF7C58 /* ETGetOptionsSetValues.m */ = {isa = PBXFileReference; fileEncoding = 4; lastKnownFileType = sourcecode.c.objc; path = ETGetOptionsSetValues.m; sourceTree = "<group>"; };
		31F945371A46E59B00BF7C58 /* ETGetOptionsSetValuesResponse.h */ = {isa = PBXFileReference; fileEncoding = 4; lastKnownFileType = sourcecode.c.h; path = ETGetOptionsSetValuesResponse.h; sourceTree = "<group>"; };
		31F945381A46E59B00BF7C58 /* ETGetOptionsSetValuesResponse.m */ = {isa = PBXFileReference; fileEncoding = 4; lastKnownFileType = sourcecode.c.objc; path = ETGetOptionsSetValuesResponse.m; sourceTree = "<group>"; };
		31F945391A46E59B00BF7C58 /* ETGetServiceCenterDetailsById.h */ = {isa = PBXFileReference; fileEncoding = 4; lastKnownFileType = sourcecode.c.h; path = ETGetServiceCenterDetailsById.h; sourceTree = "<group>"; };
		31F9453A1A46E59B00BF7C58 /* ETGetServiceCenterDetailsById.m */ = {isa = PBXFileReference; fileEncoding = 4; lastKnownFileType = sourcecode.c.objc; path = ETGetServiceCenterDetailsById.m; sourceTree = "<group>"; };
		31F9453B1A46E59B00BF7C58 /* ETGetServiceCenterDetailsByIdResponse.h */ = {isa = PBXFileReference; fileEncoding = 4; lastKnownFileType = sourcecode.c.h; path = ETGetServiceCenterDetailsByIdResponse.h; sourceTree = "<group>"; };
		31F9453C1A46E59B00BF7C58 /* ETGetServiceCenterDetailsByIdResponse.m */ = {isa = PBXFileReference; fileEncoding = 4; lastKnownFileType = sourcecode.c.objc; path = ETGetServiceCenterDetailsByIdResponse.m; sourceTree = "<group>"; };
		31F9453D1A46E59B00BF7C58 /* ETGetServiceCentersByDepartmentId.h */ = {isa = PBXFileReference; fileEncoding = 4; lastKnownFileType = sourcecode.c.h; path = ETGetServiceCentersByDepartmentId.h; sourceTree = "<group>"; };
		31F9453E1A46E59B00BF7C58 /* ETGetServiceCentersByDepartmentId.m */ = {isa = PBXFileReference; fileEncoding = 4; lastKnownFileType = sourcecode.c.objc; path = ETGetServiceCentersByDepartmentId.m; sourceTree = "<group>"; };
		31F9453F1A46E59B00BF7C58 /* ETGetServiceCentersByDepartmentIdResponse.h */ = {isa = PBXFileReference; fileEncoding = 4; lastKnownFileType = sourcecode.c.h; path = ETGetServiceCentersByDepartmentIdResponse.h; sourceTree = "<group>"; };
		31F945401A46E59B00BF7C58 /* ETGetServiceCentersByDepartmentIdResponse.m */ = {isa = PBXFileReference; fileEncoding = 4; lastKnownFileType = sourcecode.c.objc; path = ETGetServiceCentersByDepartmentIdResponse.m; sourceTree = "<group>"; };
		31F945411A46E59B00BF7C58 /* ETGetServicesPerCenter.h */ = {isa = PBXFileReference; fileEncoding = 4; lastKnownFileType = sourcecode.c.h; path = ETGetServicesPerCenter.h; sourceTree = "<group>"; };
		31F945421A46E59B00BF7C58 /* ETGetServicesPerCenter.m */ = {isa = PBXFileReference; fileEncoding = 4; lastKnownFileType = sourcecode.c.objc; path = ETGetServicesPerCenter.m; sourceTree = "<group>"; };
		31F945431A46E59B00BF7C58 /* ETGetServicesPerCenterResponse.h */ = {isa = PBXFileReference; fileEncoding = 4; lastKnownFileType = sourcecode.c.h; path = ETGetServicesPerCenterResponse.h; sourceTree = "<group>"; };
		31F945441A46E59B00BF7C58 /* ETGetServicesPerCenterResponse.m */ = {isa = PBXFileReference; fileEncoding = 4; lastKnownFileType = sourcecode.c.objc; path = ETGetServicesPerCenterResponse.m; sourceTree = "<group>"; };
		31F945451A46E59B00BF7C58 /* ETGuidLookupItem.h */ = {isa = PBXFileReference; fileEncoding = 4; lastKnownFileType = sourcecode.c.h; path = ETGuidLookupItem.h; sourceTree = "<group>"; };
		31F945461A46E59B00BF7C58 /* ETGuidLookupItem.m */ = {isa = PBXFileReference; fileEncoding = 4; lastKnownFileType = sourcecode.c.objc; path = ETGuidLookupItem.m; sourceTree = "<group>"; };
		31F945471A46E59B00BF7C58 /* ETIntLookupItem.h */ = {isa = PBXFileReference; fileEncoding = 4; lastKnownFileType = sourcecode.c.h; path = ETIntLookupItem.h; sourceTree = "<group>"; };
		31F945481A46E59B00BF7C58 /* ETIntLookupItem.m */ = {isa = PBXFileReference; fileEncoding = 4; lastKnownFileType = sourcecode.c.objc; path = ETIntLookupItem.m; sourceTree = "<group>"; };
		31F945491A46E59B00BF7C58 /* ETLookupItem.h */ = {isa = PBXFileReference; fileEncoding = 4; lastKnownFileType = sourcecode.c.h; path = ETLookupItem.h; sourceTree = "<group>"; };
		31F9454A1A46E59B00BF7C58 /* ETLookupItem.m */ = {isa = PBXFileReference; fileEncoding = 4; lastKnownFileType = sourcecode.c.objc; path = ETLookupItem.m; sourceTree = "<group>"; };
		31F9454B1A46E59B00BF7C58 /* ETResponseObject.h */ = {isa = PBXFileReference; fileEncoding = 4; lastKnownFileType = sourcecode.c.h; path = ETResponseObject.h; sourceTree = "<group>"; };
		31F9454C1A46E59B00BF7C58 /* ETResponseObject.m */ = {isa = PBXFileReference; fileEncoding = 4; lastKnownFileType = sourcecode.c.objc; path = ETResponseObject.m; sourceTree = "<group>"; };
		31F9454D1A46E59B00BF7C58 /* ETRetrieveCasesById.h */ = {isa = PBXFileReference; fileEncoding = 4; lastKnownFileType = sourcecode.c.h; path = ETRetrieveCasesById.h; sourceTree = "<group>"; };
		31F9454E1A46E59B00BF7C58 /* ETRetrieveCasesById.m */ = {isa = PBXFileReference; fileEncoding = 4; lastKnownFileType = sourcecode.c.objc; path = ETRetrieveCasesById.m; sourceTree = "<group>"; };
		31F9454F1A46E59B00BF7C58 /* ETRetrieveCasesByIdResponse.h */ = {isa = PBXFileReference; fileEncoding = 4; lastKnownFileType = sourcecode.c.h; path = ETRetrieveCasesByIdResponse.h; sourceTree = "<group>"; };
		31F945501A46E59B00BF7C58 /* ETRetrieveCasesByIdResponse.m */ = {isa = PBXFileReference; fileEncoding = 4; lastKnownFileType = sourcecode.c.objc; path = ETRetrieveCasesByIdResponse.m; sourceTree = "<group>"; };
		31F945511A46E59B00BF7C58 /* ETRetrieveCasesByNumber.h */ = {isa = PBXFileReference; fileEncoding = 4; lastKnownFileType = sourcecode.c.h; path = ETRetrieveCasesByNumber.h; sourceTree = "<group>"; };
		31F945521A46E59B00BF7C58 /* ETRetrieveCasesByNumber.m */ = {isa = PBXFileReference; fileEncoding = 4; lastKnownFileType = sourcecode.c.objc; path = ETRetrieveCasesByNumber.m; sourceTree = "<group>"; };
		31F945531A46E59B00BF7C58 /* ETRetrieveCasesByNumberResponse.h */ = {isa = PBXFileReference; fileEncoding = 4; lastKnownFileType = sourcecode.c.h; path = ETRetrieveCasesByNumberResponse.h; sourceTree = "<group>"; };
		31F945541A46E59B00BF7C58 /* ETRetrieveCasesByNumberResponse.m */ = {isa = PBXFileReference; fileEncoding = 4; lastKnownFileType = sourcecode.c.objc; path = ETRetrieveCasesByNumberResponse.m; sourceTree = "<group>"; };
		31F945551A46E59B00BF7C58 /* ETRetrieveCasesByUser.h */ = {isa = PBXFileReference; fileEncoding = 4; lastKnownFileType = sourcecode.c.h; path = ETRetrieveCasesByUser.h; sourceTree = "<group>"; };
		31F945561A46E59B00BF7C58 /* ETRetrieveCasesByUser.m */ = {isa = PBXFileReference; fileEncoding = 4; lastKnownFileType = sourcecode.c.objc; path = ETRetrieveCasesByUser.m; sourceTree = "<group>"; };
		31F945571A46E59B00BF7C58 /* ETRetrieveCasesByUserResponse.h */ = {isa = PBXFileReference; fileEncoding = 4; lastKnownFileType = sourcecode.c.h; path = ETRetrieveCasesByUserResponse.h; sourceTree = "<group>"; };
		31F945581A46E59B00BF7C58 /* ETRetrieveCasesByUserResponse.m */ = {isa = PBXFileReference; fileEncoding = 4; lastKnownFileType = sourcecode.c.objc; path = ETRetrieveCasesByUserResponse.m; sourceTree = "<group>"; };
		31F945591A46E59B00BF7C58 /* ETRetrieveFilteredDropdownValues.h */ = {isa = PBXFileReference; fileEncoding = 4; lastKnownFileType = sourcecode.c.h; path = ETRetrieveFilteredDropdownValues.h; sourceTree = "<group>"; };
		31F9455A1A46E59B00BF7C58 /* ETRetrieveFilteredDropdownValues.m */ = {isa = PBXFileReference; fileEncoding = 4; lastKnownFileType = sourcecode.c.objc; path = ETRetrieveFilteredDropdownValues.m; sourceTree = "<group>"; };
		31F9455B1A46E59B00BF7C58 /* ETRetrieveFilteredDropdownValuesResponse.h */ = {isa = PBXFileReference; fileEncoding = 4; lastKnownFileType = sourcecode.c.h; path = ETRetrieveFilteredDropdownValuesResponse.h; sourceTree = "<group>"; };
		31F9455C1A46E59B00BF7C58 /* ETRetrieveFilteredDropdownValuesResponse.m */ = {isa = PBXFileReference; fileEncoding = 4; lastKnownFileType = sourcecode.c.objc; path = ETRetrieveFilteredDropdownValuesResponse.m; sourceTree = "<group>"; };
		31F9455D1A46E59B00BF7C58 /* ETRetrieveServiceCenters.h */ = {isa = PBXFileReference; fileEncoding = 4; lastKnownFileType = sourcecode.c.h; path = ETRetrieveServiceCenters.h; sourceTree = "<group>"; };
		31F9455E1A46E59B00BF7C58 /* ETRetrieveServiceCenters.m */ = {isa = PBXFileReference; fileEncoding = 4; lastKnownFileType = sourcecode.c.objc; path = ETRetrieveServiceCenters.m; sourceTree = "<group>"; };
		31F9455F1A46E59B00BF7C58 /* ETRetrieveServiceCentersResponse.h */ = {isa = PBXFileReference; fileEncoding = 4; lastKnownFileType = sourcecode.c.h; path = ETRetrieveServiceCentersResponse.h; sourceTree = "<group>"; };
		31F945601A46E59B00BF7C58 /* ETRetrieveServiceCentersResponse.m */ = {isa = PBXFileReference; fileEncoding = 4; lastKnownFileType = sourcecode.c.objc; path = ETRetrieveServiceCentersResponse.m; sourceTree = "<group>"; };
		31F945611A46E59B00BF7C58 /* ETService.h */ = {isa = PBXFileReference; fileEncoding = 4; lastKnownFileType = sourcecode.c.h; path = ETService.h; sourceTree = "<group>"; };
		31F945621A46E59B00BF7C58 /* ETService.m */ = {isa = PBXFileReference; fileEncoding = 4; lastKnownFileType = sourcecode.c.objc; path = ETService.m; sourceTree = "<group>"; };
		31F945631A46E59B00BF7C58 /* ETServiceCenter.h */ = {isa = PBXFileReference; fileEncoding = 4; lastKnownFileType = sourcecode.c.h; path = ETServiceCenter.h; sourceTree = "<group>"; };
		31F945641A46E59B00BF7C58 /* ETServiceCenter.m */ = {isa = PBXFileReference; fileEncoding = 4; lastKnownFileType = sourcecode.c.objc; path = ETServiceCenter.m; sourceTree = "<group>"; };
		31F945651A46E59B00BF7C58 /* ETServiceClient.h */ = {isa = PBXFileReference; fileEncoding = 4; lastKnownFileType = sourcecode.c.h; path = ETServiceClient.h; sourceTree = "<group>"; };
		31F945661A46E59B00BF7C58 /* ETServiceClient.m */ = {isa = PBXFileReference; fileEncoding = 4; lastKnownFileType = sourcecode.c.objc; path = ETServiceClient.m; sourceTree = "<group>"; };
		31F945671A46E59B00BF7C58 /* ETServiceStatus.h */ = {isa = PBXFileReference; fileEncoding = 4; lastKnownFileType = sourcecode.c.h; path = ETServiceStatus.h; sourceTree = "<group>"; };
		31F945681A46E59B00BF7C58 /* ETSubmitAppreciation.h */ = {isa = PBXFileReference; fileEncoding = 4; lastKnownFileType = sourcecode.c.h; path = ETSubmitAppreciation.h; sourceTree = "<group>"; };
		31F945691A46E59B00BF7C58 /* ETSubmitAppreciation.m */ = {isa = PBXFileReference; fileEncoding = 4; lastKnownFileType = sourcecode.c.objc; path = ETSubmitAppreciation.m; sourceTree = "<group>"; };
		31F9456A1A46E59B00BF7C58 /* ETSubmitAppreciationResponse.h */ = {isa = PBXFileReference; fileEncoding = 4; lastKnownFileType = sourcecode.c.h; path = ETSubmitAppreciationResponse.h; sourceTree = "<group>"; };
		31F9456B1A46E59B00BF7C58 /* ETSubmitAppreciationResponse.m */ = {isa = PBXFileReference; fileEncoding = 4; lastKnownFileType = sourcecode.c.objc; path = ETSubmitAppreciationResponse.m; sourceTree = "<group>"; };
		31F9456C1A46E59B00BF7C58 /* ETSubmitComplaint.h */ = {isa = PBXFileReference; fileEncoding = 4; lastKnownFileType = sourcecode.c.h; path = ETSubmitComplaint.h; sourceTree = "<group>"; };
		31F9456D1A46E59B00BF7C58 /* ETSubmitComplaint.m */ = {isa = PBXFileReference; fileEncoding = 4; lastKnownFileType = sourcecode.c.objc; path = ETSubmitComplaint.m; sourceTree = "<group>"; };
		31F9456E1A46E59B00BF7C58 /* ETSubmitComplaintResponse.h */ = {isa = PBXFileReference; fileEncoding = 4; lastKnownFileType = sourcecode.c.h; path = ETSubmitComplaintResponse.h; sourceTree = "<group>"; };
		31F9456F1A46E59B00BF7C58 /* ETSubmitComplaintResponse.m */ = {isa = PBXFileReference; fileEncoding = 4; lastKnownFileType = sourcecode.c.objc; path = ETSubmitComplaintResponse.m; sourceTree = "<group>"; };
		31F945701A46E59B00BF7C58 /* ETSubmitSuggestion.h */ = {isa = PBXFileReference; fileEncoding = 4; lastKnownFileType = sourcecode.c.h; path = ETSubmitSuggestion.h; sourceTree = "<group>"; };
		31F945711A46E59B00BF7C58 /* ETSubmitSuggestion.m */ = {isa = PBXFileReference; fileEncoding = 4; lastKnownFileType = sourcecode.c.objc; path = ETSubmitSuggestion.m; sourceTree = "<group>"; };
		31F945721A46E59B00BF7C58 /* ETSubmitSuggestionResponse.h */ = {isa = PBXFileReference; fileEncoding = 4; lastKnownFileType = sourcecode.c.h; path = ETSubmitSuggestionResponse.h; sourceTree = "<group>"; };
		31F945731A46E59B00BF7C58 /* ETSubmitSuggestionResponse.m */ = {isa = PBXFileReference; fileEncoding = 4; lastKnownFileType = sourcecode.c.objc; path = ETSubmitSuggestionResponse.m; sourceTree = "<group>"; };
		31F9459B1A46E60100BF7C58 /* WebService.h */ = {isa = PBXFileReference; fileEncoding = 4; lastKnownFileType = sourcecode.c.h; path = WebService.h; sourceTree = "<group>"; };
		31F9459C1A46E60100BF7C58 /* WebServiceEntities.h */ = {isa = PBXFileReference; fileEncoding = 4; lastKnownFileType = sourcecode.c.h; path = WebServiceEntities.h; sourceTree = "<group>"; };
		31F9459D1A46E60100BF7C58 /* WebServiceRequest.h */ = {isa = PBXFileReference; fileEncoding = 4; lastKnownFileType = sourcecode.c.h; path = WebServiceRequest.h; sourceTree = "<group>"; };
		31F9459E1A46E60100BF7C58 /* WebServiceResponse.h */ = {isa = PBXFileReference; fileEncoding = 4; lastKnownFileType = sourcecode.c.h; path = WebServiceResponse.h; sourceTree = "<group>"; };
		31F9459F1A46E60100BF7C58 /* WebService.m */ = {isa = PBXFileReference; fileEncoding = 4; lastKnownFileType = sourcecode.c.objc; path = WebService.m; sourceTree = "<group>"; };
		31F945A01A46E60100BF7C58 /* WebServiceEntities.m */ = {isa = PBXFileReference; fileEncoding = 4; lastKnownFileType = sourcecode.c.objc; path = WebServiceEntities.m; sourceTree = "<group>"; };
		31F945A11A46E60100BF7C58 /* WebServiceRequest.m */ = {isa = PBXFileReference; fileEncoding = 4; lastKnownFileType = sourcecode.c.objc; path = WebServiceRequest.m; sourceTree = "<group>"; };
		31F945A21A46E60100BF7C58 /* WebServiceResponse.m */ = {isa = PBXFileReference; fileEncoding = 4; lastKnownFileType = sourcecode.c.objc; path = WebServiceResponse.m; sourceTree = "<group>"; };
		31F945A81A46E64300BF7C58 /* OBShapedButton.h */ = {isa = PBXFileReference; fileEncoding = 4; lastKnownFileType = sourcecode.c.h; path = OBShapedButton.h; sourceTree = "<group>"; };
		31F945A91A46E64300BF7C58 /* OBShapedButton.m */ = {isa = PBXFileReference; fileEncoding = 4; lastKnownFileType = sourcecode.c.objc; path = OBShapedButton.m; sourceTree = "<group>"; };
		31F945AA1A46E64300BF7C58 /* UIImage+ColorAtPixel.h */ = {isa = PBXFileReference; fileEncoding = 4; lastKnownFileType = sourcecode.c.h; path = "UIImage+ColorAtPixel.h"; sourceTree = "<group>"; };
		31F945AB1A46E64300BF7C58 /* UIImage+ColorAtPixel.m */ = {isa = PBXFileReference; fileEncoding = 4; lastKnownFileType = sourcecode.c.objc; path = "UIImage+ColorAtPixel.m"; sourceTree = "<group>"; };
		31F945AC1A46E64300BF7C58 /* UIView+ZZFontSetter.h */ = {isa = PBXFileReference; fileEncoding = 4; lastKnownFileType = sourcecode.c.h; path = "UIView+ZZFontSetter.h"; sourceTree = "<group>"; };
		31F945AD1A46E64300BF7C58 /* UIView+ZZFontSetter.m */ = {isa = PBXFileReference; fileEncoding = 4; lastKnownFileType = sourcecode.c.objc; path = "UIView+ZZFontSetter.m"; sourceTree = "<group>"; };
		31F945AE1A46E64300BF7C58 /* MBProgressHUD.h */ = {isa = PBXFileReference; fileEncoding = 4; lastKnownFileType = sourcecode.c.h; path = MBProgressHUD.h; sourceTree = "<group>"; };
		31F945AF1A46E64300BF7C58 /* MBProgressHUD.m */ = {isa = PBXFileReference; fileEncoding = 4; lastKnownFileType = sourcecode.c.objc; path = MBProgressHUD.m; sourceTree = "<group>"; };
		31F945B01A46E64300BF7C58 /* SettingsController.h */ = {isa = PBXFileReference; fileEncoding = 4; lastKnownFileType = sourcecode.c.h; path = SettingsController.h; sourceTree = "<group>"; };
		31F945B11A46E64300BF7C58 /* SettingsController.m */ = {isa = PBXFileReference; fileEncoding = 4; lastKnownFileType = sourcecode.c.objc; path = SettingsController.m; sourceTree = "<group>"; };
		31F945B21A46E64300BF7C58 /* ETViewController.h */ = {isa = PBXFileReference; fileEncoding = 4; lastKnownFileType = sourcecode.c.h; path = ETViewController.h; sourceTree = "<group>"; };
		31F945B31A46E64300BF7C58 /* ETViewController.m */ = {isa = PBXFileReference; fileEncoding = 4; lastKnownFileType = sourcecode.c.objc; path = ETViewController.m; sourceTree = "<group>"; };
/* End PBXFileReference section */

/* Begin PBXFrameworksBuildPhase section */
		31F944F91A46E4E700BF7C58 /* Frameworks */ = {
			isa = PBXFrameworksBuildPhase;
			buildActionMask = 2147483647;
			files = (
			);
			runOnlyForDeploymentPostprocessing = 0;
		};
		31F945121A46E4E700BF7C58 /* Frameworks */ = {
			isa = PBXFrameworksBuildPhase;
			buildActionMask = 2147483647;
			files = (
			);
			runOnlyForDeploymentPostprocessing = 0;
		};
/* End PBXFrameworksBuildPhase section */

/* Begin PBXGroup section */
		31F944F31A46E4E700BF7C58 = {
			isa = PBXGroup;
			children = (
				31F945A71A46E62000BF7C58 /* Helper Classes */,
				31F945251A46E55900BF7C58 /* Services */,
				31F944FE1A46E4E700BF7C58 /* ET */,
				31F945181A46E4E700BF7C58 /* ETTests */,
				31F944FD1A46E4E700BF7C58 /* Products */,
			);
			sourceTree = "<group>";
		};
		31F944FD1A46E4E700BF7C58 /* Products */ = {
			isa = PBXGroup;
			children = (
				31F944FC1A46E4E700BF7C58 /* ET.app */,
				31F945151A46E4E700BF7C58 /* ETTests.xctest */,
			);
			name = Products;
			sourceTree = "<group>";
		};
		31F944FE1A46E4E700BF7C58 /* ET */ = {
			isa = PBXGroup;
			children = (
				31F945031A46E4E700BF7C58 /* AppDelegate.h */,
				31F945041A46E4E700BF7C58 /* AppDelegate.m */,
				31F945061A46E4E700BF7C58 /* ViewController.h */,
				31F945071A46E4E700BF7C58 /* ViewController.m */,
				31F945091A46E4E700BF7C58 /* Main.storyboard */,
				31F9450C1A46E4E700BF7C58 /* Images.xcassets */,
				31F9450E1A46E4E700BF7C58 /* LaunchScreen.xib */,
				31F944FF1A46E4E700BF7C58 /* Supporting Files */,
			);
			path = ET;
			sourceTree = "<group>";
		};
		31F944FF1A46E4E700BF7C58 /* Supporting Files */ = {
			isa = PBXGroup;
			children = (
				31F945001A46E4E700BF7C58 /* Info.plist */,
				31F945011A46E4E700BF7C58 /* main.m */,
			);
			name = "Supporting Files";
			sourceTree = "<group>";
		};
		31F945181A46E4E700BF7C58 /* ETTests */ = {
			isa = PBXGroup;
			children = (
				31F9451B1A46E4E700BF7C58 /* ETTests.m */,
				31F945191A46E4E700BF7C58 /* Supporting Files */,
			);
			path = ETTests;
			sourceTree = "<group>";
		};
		31F945191A46E4E700BF7C58 /* Supporting Files */ = {
			isa = PBXGroup;
			children = (
				31F9451A1A46E4E700BF7C58 /* Info.plist */,
			);
			name = "Supporting Files";
			sourceTree = "<group>";
		};
		31F945251A46E55900BF7C58 /* Services */ = {
			isa = PBXGroup;
			children = (
				31F9459A1A46E5F200BF7C58 /* Main Services */,
				31F945261A46E59B00BF7C58 /* ETServices */,
			);
			name = Services;
			sourceTree = "<group>";
		};
		31F945261A46E59B00BF7C58 /* ETServices */ = {
			isa = PBXGroup;
			children = (
				31F945271A46E59B00BF7C58 /* ETCaseDataContract.h */,
				31F945281A46E59B00BF7C58 /* ETCaseDataContract.m */,
				31F945291A46E59B00BF7C58 /* ETCaseObject.h */,
				31F9452A1A46E59B00BF7C58 /* ETCaseObject.m */,
				31F9452B1A46E59B00BF7C58 /* ETDepartmentObject.h */,
				31F9452C1A46E59B00BF7C58 /* ETDepartmentObject.m */,
				31F9452D1A46E59B00BF7C58 /* ETGetDepartments.h */,
				31F9452E1A46E59B00BF7C58 /* ETGetDepartments.m */,
				31F9452F1A46E59B00BF7C58 /* ETGetDepartmentsResponse.h */,
				31F945301A46E59B00BF7C58 /* ETGetDepartmentsResponse.m */,
				31F945311A46E59B00BF7C58 /* ETGetlookupItems.h */,
				31F945321A46E59B00BF7C58 /* ETGetlookupItems.m */,
				31F945331A46E59B00BF7C58 /* ETGetlookupItemsResponse.h */,
				31F945341A46E59B00BF7C58 /* ETGetlookupItemsResponse.m */,
				31F945351A46E59B00BF7C58 /* ETGetOptionsSetValues.h */,
				31F945361A46E59B00BF7C58 /* ETGetOptionsSetValues.m */,
				31F945371A46E59B00BF7C58 /* ETGetOptionsSetValuesResponse.h */,
				31F945381A46E59B00BF7C58 /* ETGetOptionsSetValuesResponse.m */,
				31F945391A46E59B00BF7C58 /* ETGetServiceCenterDetailsById.h */,
				31F9453A1A46E59B00BF7C58 /* ETGetServiceCenterDetailsById.m */,
				31F9453B1A46E59B00BF7C58 /* ETGetServiceCenterDetailsByIdResponse.h */,
				31F9453C1A46E59B00BF7C58 /* ETGetServiceCenterDetailsByIdResponse.m */,
				31F9453D1A46E59B00BF7C58 /* ETGetServiceCentersByDepartmentId.h */,
				31F9453E1A46E59B00BF7C58 /* ETGetServiceCentersByDepartmentId.m */,
				31F9453F1A46E59B00BF7C58 /* ETGetServiceCentersByDepartmentIdResponse.h */,
				31F945401A46E59B00BF7C58 /* ETGetServiceCentersByDepartmentIdResponse.m */,
				31F945411A46E59B00BF7C58 /* ETGetServicesPerCenter.h */,
				31F945421A46E59B00BF7C58 /* ETGetServicesPerCenter.m */,
				31F945431A46E59B00BF7C58 /* ETGetServicesPerCenterResponse.h */,
				31F945441A46E59B00BF7C58 /* ETGetServicesPerCenterResponse.m */,
				31F945451A46E59B00BF7C58 /* ETGuidLookupItem.h */,
				31F945461A46E59B00BF7C58 /* ETGuidLookupItem.m */,
				31F945471A46E59B00BF7C58 /* ETIntLookupItem.h */,
				31F945481A46E59B00BF7C58 /* ETIntLookupItem.m */,
				31F945491A46E59B00BF7C58 /* ETLookupItem.h */,
				31F9454A1A46E59B00BF7C58 /* ETLookupItem.m */,
				31F9454B1A46E59B00BF7C58 /* ETResponseObject.h */,
				31F9454C1A46E59B00BF7C58 /* ETResponseObject.m */,
				31F9454D1A46E59B00BF7C58 /* ETRetrieveCasesById.h */,
				31F9454E1A46E59B00BF7C58 /* ETRetrieveCasesById.m */,
				31F9454F1A46E59B00BF7C58 /* ETRetrieveCasesByIdResponse.h */,
				31F945501A46E59B00BF7C58 /* ETRetrieveCasesByIdResponse.m */,
				31F945511A46E59B00BF7C58 /* ETRetrieveCasesByNumber.h */,
				31F945521A46E59B00BF7C58 /* ETRetrieveCasesByNumber.m */,
				31F945531A46E59B00BF7C58 /* ETRetrieveCasesByNumberResponse.h */,
				31F945541A46E59B00BF7C58 /* ETRetrieveCasesByNumberResponse.m */,
				31F945551A46E59B00BF7C58 /* ETRetrieveCasesByUser.h */,
				31F945561A46E59B00BF7C58 /* ETRetrieveCasesByUser.m */,
				31F945571A46E59B00BF7C58 /* ETRetrieveCasesByUserResponse.h */,
				31F945581A46E59B00BF7C58 /* ETRetrieveCasesByUserResponse.m */,
				31F945591A46E59B00BF7C58 /* ETRetrieveFilteredDropdownValues.h */,
				31F9455A1A46E59B00BF7C58 /* ETRetrieveFilteredDropdownValues.m */,
				31F9455B1A46E59B00BF7C58 /* ETRetrieveFilteredDropdownValuesResponse.h */,
				31F9455C1A46E59B00BF7C58 /* ETRetrieveFilteredDropdownValuesResponse.m */,
				31F9455D1A46E59B00BF7C58 /* ETRetrieveServiceCenters.h */,
				31F9455E1A46E59B00BF7C58 /* ETRetrieveServiceCenters.m */,
				31F9455F1A46E59B00BF7C58 /* ETRetrieveServiceCentersResponse.h */,
				31F945601A46E59B00BF7C58 /* ETRetrieveServiceCentersResponse.m */,
				31F945611A46E59B00BF7C58 /* ETService.h */,
				31F945621A46E59B00BF7C58 /* ETService.m */,
				31F945631A46E59B00BF7C58 /* ETServiceCenter.h */,
				31F945641A46E59B00BF7C58 /* ETServiceCenter.m */,
				31F945651A46E59B00BF7C58 /* ETServiceClient.h */,
				31F945661A46E59B00BF7C58 /* ETServiceClient.m */,
				31F945671A46E59B00BF7C58 /* ETServiceStatus.h */,
				31F945681A46E59B00BF7C58 /* ETSubmitAppreciation.h */,
				31F945691A46E59B00BF7C58 /* ETSubmitAppreciation.m */,
				31F9456A1A46E59B00BF7C58 /* ETSubmitAppreciationResponse.h */,
				31F9456B1A46E59B00BF7C58 /* ETSubmitAppreciationResponse.m */,
				31F9456C1A46E59B00BF7C58 /* ETSubmitComplaint.h */,
				31F9456D1A46E59B00BF7C58 /* ETSubmitComplaint.m */,
				31F9456E1A46E59B00BF7C58 /* ETSubmitComplaintResponse.h */,
				31F9456F1A46E59B00BF7C58 /* ETSubmitComplaintResponse.m */,
				31F945701A46E59B00BF7C58 /* ETSubmitSuggestion.h */,
				31F945711A46E59B00BF7C58 /* ETSubmitSuggestion.m */,
				31F945721A46E59B00BF7C58 /* ETSubmitSuggestionResponse.h */,
				31F945731A46E59B00BF7C58 /* ETSubmitSuggestionResponse.m */,
			);
			path = ETServices;
			sourceTree = "<group>";
		};
		31F9459A1A46E5F200BF7C58 /* Main Services */ = {
			isa = PBXGroup;
			children = (
				31F9459B1A46E60100BF7C58 /* WebService.h */,
				31F9459C1A46E60100BF7C58 /* WebServiceEntities.h */,
				31F9459D1A46E60100BF7C58 /* WebServiceRequest.h */,
				31F9459E1A46E60100BF7C58 /* WebServiceResponse.h */,
				31F9459F1A46E60100BF7C58 /* WebService.m */,
				31F945A01A46E60100BF7C58 /* WebServiceEntities.m */,
				31F945A11A46E60100BF7C58 /* WebServiceRequest.m */,
				31F945A21A46E60100BF7C58 /* WebServiceResponse.m */,
			);
			name = "Main Services";
			sourceTree = "<group>";
		};
		31F945A71A46E62000BF7C58 /* Helper Classes */ = {
			isa = PBXGroup;
			children = (
				31F945A81A46E64300BF7C58 /* OBShapedButton.h */,
				31F945A91A46E64300BF7C58 /* OBShapedButton.m */,
				31F945AA1A46E64300BF7C58 /* UIImage+ColorAtPixel.h */,
				31F945AB1A46E64300BF7C58 /* UIImage+ColorAtPixel.m */,
				31F945AC1A46E64300BF7C58 /* UIView+ZZFontSetter.h */,
				31F945AD1A46E64300BF7C58 /* UIView+ZZFontSetter.m */,
				31F945AE1A46E64300BF7C58 /* MBProgressHUD.h */,
				31F945AF1A46E64300BF7C58 /* MBProgressHUD.m */,
				31F945B01A46E64300BF7C58 /* SettingsController.h */,
				31F945B11A46E64300BF7C58 /* SettingsController.m */,
				31F945B21A46E64300BF7C58 /* ETViewController.h */,
				31F945B31A46E64300BF7C58 /* ETViewController.m */,
			);
			name = "Helper Classes";
			sourceTree = "<group>";
		};
/* End PBXGroup section */

/* Begin PBXNativeTarget section */
		31F944FB1A46E4E700BF7C58 /* ET */ = {
			isa = PBXNativeTarget;
			buildConfigurationList = 31F9451F1A46E4E700BF7C58 /* Build configuration list for PBXNativeTarget "ET" */;
			buildPhases = (
				31F944F81A46E4E700BF7C58 /* Sources */,
				31F944F91A46E4E700BF7C58 /* Frameworks */,
				31F944FA1A46E4E700BF7C58 /* Resources */,
			);
			buildRules = (
			);
			dependencies = (
			);
			name = ET;
			productName = ET;
			productReference = 31F944FC1A46E4E700BF7C58 /* ET.app */;
			productType = "com.apple.product-type.application";
		};
		31F945141A46E4E700BF7C58 /* ETTests */ = {
			isa = PBXNativeTarget;
			buildConfigurationList = 31F945221A46E4E700BF7C58 /* Build configuration list for PBXNativeTarget "ETTests" */;
			buildPhases = (
				31F945111A46E4E700BF7C58 /* Sources */,
				31F945121A46E4E700BF7C58 /* Frameworks */,
				31F945131A46E4E700BF7C58 /* Resources */,
			);
			buildRules = (
			);
			dependencies = (
				31F945171A46E4E700BF7C58 /* PBXTargetDependency */,
			);
			name = ETTests;
			productName = ETTests;
			productReference = 31F945151A46E4E700BF7C58 /* ETTests.xctest */;
			productType = "com.apple.product-type.bundle.unit-test";
		};
/* End PBXNativeTarget section */

/* Begin PBXProject section */
		31F944F41A46E4E700BF7C58 /* Project object */ = {
			isa = PBXProject;
			attributes = {
				LastUpgradeCheck = 0610;
				ORGANIZATIONNAME = Home;
				TargetAttributes = {
					31F944FB1A46E4E700BF7C58 = {
						CreatedOnToolsVersion = 6.1.1;
					};
					31F945141A46E4E700BF7C58 = {
						CreatedOnToolsVersion = 6.1.1;
						TestTargetID = 31F944FB1A46E4E700BF7C58;
					};
				};
			};
			buildConfigurationList = 31F944F71A46E4E700BF7C58 /* Build configuration list for PBXProject "ET" */;
			compatibilityVersion = "Xcode 3.2";
			developmentRegion = English;
			hasScannedForEncodings = 0;
			knownRegions = (
				en,
				Base,
			);
			mainGroup = 31F944F31A46E4E700BF7C58;
			productRefGroup = 31F944FD1A46E4E700BF7C58 /* Products */;
			projectDirPath = "";
			projectRoot = "";
			targets = (
				31F944FB1A46E4E700BF7C58 /* ET */,
				31F945141A46E4E700BF7C58 /* ETTests */,
			);
		};
/* End PBXProject section */

/* Begin PBXResourcesBuildPhase section */
		31F944FA1A46E4E700BF7C58 /* Resources */ = {
			isa = PBXResourcesBuildPhase;
			buildActionMask = 2147483647;
			files = (
				31F9450B1A46E4E700BF7C58 /* Main.storyboard in Resources */,
				31F945101A46E4E700BF7C58 /* LaunchScreen.xib in Resources */,
				31F9450D1A46E4E700BF7C58 /* Images.xcassets in Resources */,
			);
			runOnlyForDeploymentPostprocessing = 0;
		};
		31F945131A46E4E700BF7C58 /* Resources */ = {
			isa = PBXResourcesBuildPhase;
			buildActionMask = 2147483647;
			files = (
			);
			runOnlyForDeploymentPostprocessing = 0;
		};
/* End PBXResourcesBuildPhase section */

/* Begin PBXSourcesBuildPhase section */
		31F944F81A46E4E700BF7C58 /* Sources */ = {
			isa = PBXSourcesBuildPhase;
			buildActionMask = 2147483647;
			files = (
				31F945831A46E59B00BF7C58 /* ETGuidLookupItem.m in Sources */,
				31F945951A46E59B00BF7C58 /* ETSubmitAppreciationResponse.m in Sources */,
				31F945961A46E59B00BF7C58 /* ETSubmitComplaint.m in Sources */,
				31F945841A46E59B00BF7C58 /* ETIntLookupItem.m in Sources */,
				31F945891A46E59B00BF7C58 /* ETRetrieveCasesByNumber.m in Sources */,
				31F9457E1A46E59B00BF7C58 /* ETGetServiceCenterDetailsByIdResponse.m in Sources */,
				31F945B71A46E64300BF7C58 /* MBProgressHUD.m in Sources */,
				31F945A51A46E60100BF7C58 /* WebServiceRequest.m in Sources */,
				31F945811A46E59B00BF7C58 /* ETGetServicesPerCenter.m in Sources */,
				31F9457B1A46E59B00BF7C58 /* ETGetOptionsSetValues.m in Sources */,
				31F945881A46E59B00BF7C58 /* ETRetrieveCasesByIdResponse.m in Sources */,
				31F9457F1A46E59B00BF7C58 /* ETGetServiceCentersByDepartmentId.m in Sources */,
				31F9458F1A46E59B00BF7C58 /* ETRetrieveServiceCenters.m in Sources */,
				31F945B91A46E64300BF7C58 /* ETViewController.m in Sources */,
				31F945911A46E59B00BF7C58 /* ETService.m in Sources */,
				31F9458B1A46E59B00BF7C58 /* ETRetrieveCasesByUser.m in Sources */,
				31F945741A46E59B00BF7C58 /* ETCaseDataContract.m in Sources */,
				31F9458A1A46E59B00BF7C58 /* ETRetrieveCasesByNumberResponse.m in Sources */,
				31F945081A46E4E700BF7C58 /* ViewController.m in Sources */,
				31F945051A46E4E700BF7C58 /* AppDelegate.m in Sources */,
				31F945931A46E59B00BF7C58 /* ETServiceClient.m in Sources */,
				31F945761A46E59B00BF7C58 /* ETDepartmentObject.m in Sources */,
				31F945941A46E59B00BF7C58 /* ETSubmitAppreciation.m in Sources */,
				31F945B81A46E64300BF7C58 /* SettingsController.m in Sources */,
				31F945A61A46E60100BF7C58 /* WebServiceResponse.m in Sources */,
				31F945B61A46E64300BF7C58 /* UIView+ZZFontSetter.m in Sources */,
				31F945971A46E59B00BF7C58 /* ETSubmitComplaintResponse.m in Sources */,
				31F945861A46E59B00BF7C58 /* ETResponseObject.m in Sources */,
				31F945991A46E59B00BF7C58 /* ETSubmitSuggestionResponse.m in Sources */,
				31F945901A46E59B00BF7C58 /* ETRetrieveServiceCentersResponse.m in Sources */,
				31F945A41A46E60100BF7C58 /* WebServiceEntities.m in Sources */,
				31F945821A46E59B00BF7C58 /* ETGetServicesPerCenterResponse.m in Sources */,
				31F945871A46E59B00BF7C58 /* ETRetrieveCasesById.m in Sources */,
				31F9458E1A46E59B00BF7C58 /* ETRetrieveFilteredDropdownValuesResponse.m in Sources */,
				31F945781A46E59B00BF7C58 /* ETGetDepartmentsResponse.m in Sources */,
				31F9457C1A46E59B00BF7C58 /* ETGetOptionsSetValuesResponse.m in Sources */,
				31F945981A46E59B00BF7C58 /* ETSubmitSuggestion.m in Sources */,
				31F945921A46E59B00BF7C58 /* ETServiceCenter.m in Sources */,
				31F9457A1A46E59B00BF7C58 /* ETGetlookupItemsResponse.m in Sources */,
				31F945B41A46E64300BF7C58 /* OBShapedButton.m in Sources */,
				31F945771A46E59B00BF7C58 /* ETGetDepartments.m in Sources */,
				31F9458C1A46E59B00BF7C58 /* ETRetrieveCasesByUserResponse.m in Sources */,
				31F945791A46E59B00BF7C58 /* ETGetlookupItems.m in Sources */,
				31F945021A46E4E700BF7C58 /* main.m in Sources */,
				31F945A31A46E60100BF7C58 /* WebService.m in Sources */,
				31F945751A46E59B00BF7C58 /* ETCaseObject.m in Sources */,
				31F945851A46E59B00BF7C58 /* ETLookupItem.m in Sources */,
				31F945B51A46E64300BF7C58 /* UIImage+ColorAtPixel.m in Sources */,
				31F9457D1A46E59B00BF7C58 /* ETGetServiceCenterDetailsById.m in Sources */,
				31F945801A46E59B00BF7C58 /* ETGetServiceCentersByDepartmentIdResponse.m in Sources */,
				31F9458D1A46E59B00BF7C58 /* ETRetrieveFilteredDropdownValues.m in Sources */,
			);
			runOnlyForDeploymentPostprocessing = 0;
		};
		31F945111A46E4E700BF7C58 /* Sources */ = {
			isa = PBXSourcesBuildPhase;
			buildActionMask = 2147483647;
			files = (
				31F9451C1A46E4E700BF7C58 /* ETTests.m in Sources */,
			);
			runOnlyForDeploymentPostprocessing = 0;
		};
/* End PBXSourcesBuildPhase section */

/* Begin PBXTargetDependency section */
		31F945171A46E4E700BF7C58 /* PBXTargetDependency */ = {
			isa = PBXTargetDependency;
			target = 31F944FB1A46E4E700BF7C58 /* ET */;
			targetProxy = 31F945161A46E4E700BF7C58 /* PBXContainerItemProxy */;
		};
/* End PBXTargetDependency section */

/* Begin PBXVariantGroup section */
		31F945091A46E4E700BF7C58 /* Main.storyboard */ = {
			isa = PBXVariantGroup;
			children = (
				31F9450A1A46E4E700BF7C58 /* Base */,
			);
			name = Main.storyboard;
			sourceTree = "<group>";
		};
		31F9450E1A46E4E700BF7C58 /* LaunchScreen.xib */ = {
			isa = PBXVariantGroup;
			children = (
				31F9450F1A46E4E700BF7C58 /* Base */,
			);
			name = LaunchScreen.xib;
			sourceTree = "<group>";
		};
/* End PBXVariantGroup section */

/* Begin XCBuildConfiguration section */
		31F9451D1A46E4E700BF7C58 /* Debug */ = {
			isa = XCBuildConfiguration;
			buildSettings = {
				ALWAYS_SEARCH_USER_PATHS = NO;
				CLANG_CXX_LANGUAGE_STANDARD = "gnu++0x";
				CLANG_CXX_LIBRARY = "libc++";
				CLANG_ENABLE_MODULES = YES;
				CLANG_ENABLE_OBJC_ARC = YES;
				CLANG_WARN_BOOL_CONVERSION = YES;
				CLANG_WARN_CONSTANT_CONVERSION = YES;
				CLANG_WARN_DIRECT_OBJC_ISA_USAGE = YES_ERROR;
				CLANG_WARN_EMPTY_BODY = YES;
				CLANG_WARN_ENUM_CONVERSION = YES;
				CLANG_WARN_INT_CONVERSION = YES;
				CLANG_WARN_OBJC_ROOT_CLASS = YES_ERROR;
				CLANG_WARN_UNREACHABLE_CODE = YES;
				CLANG_WARN__DUPLICATE_METHOD_MATCH = YES;
				"CODE_SIGN_IDENTITY[sdk=iphoneos*]" = "iPhone Developer";
				COPY_PHASE_STRIP = NO;
				ENABLE_STRICT_OBJC_MSGSEND = YES;
				GCC_C_LANGUAGE_STANDARD = gnu99;
				GCC_DYNAMIC_NO_PIC = NO;
				GCC_OPTIMIZATION_LEVEL = 0;
				GCC_PREPROCESSOR_DEFINITIONS = (
					"DEBUG=1",
					"$(inherited)",
				);
				GCC_SYMBOLS_PRIVATE_EXTERN = NO;
				GCC_WARN_64_TO_32_BIT_CONVERSION = YES;
				GCC_WARN_ABOUT_RETURN_TYPE = YES_ERROR;
				GCC_WARN_UNDECLARED_SELECTOR = YES;
				GCC_WARN_UNINITIALIZED_AUTOS = YES_AGGRESSIVE;
				GCC_WARN_UNUSED_FUNCTION = YES;
				GCC_WARN_UNUSED_VARIABLE = YES;
				IPHONEOS_DEPLOYMENT_TARGET = 8.1;
				MTL_ENABLE_DEBUG_INFO = YES;
				ONLY_ACTIVE_ARCH = YES;
				SDKROOT = iphoneos;
			};
			name = Debug;
		};
		31F9451E1A46E4E700BF7C58 /* Release */ = {
			isa = XCBuildConfiguration;
			buildSettings = {
				ALWAYS_SEARCH_USER_PATHS = NO;
				CLANG_CXX_LANGUAGE_STANDARD = "gnu++0x";
				CLANG_CXX_LIBRARY = "libc++";
				CLANG_ENABLE_MODULES = YES;
				CLANG_ENABLE_OBJC_ARC = YES;
				CLANG_WARN_BOOL_CONVERSION = YES;
				CLANG_WARN_CONSTANT_CONVERSION = YES;
				CLANG_WARN_DIRECT_OBJC_ISA_USAGE = YES_ERROR;
				CLANG_WARN_EMPTY_BODY = YES;
				CLANG_WARN_ENUM_CONVERSION = YES;
				CLANG_WARN_INT_CONVERSION = YES;
				CLANG_WARN_OBJC_ROOT_CLASS = YES_ERROR;
				CLANG_WARN_UNREACHABLE_CODE = YES;
				CLANG_WARN__DUPLICATE_METHOD_MATCH = YES;
				"CODE_SIGN_IDENTITY[sdk=iphoneos*]" = "iPhone Developer";
				COPY_PHASE_STRIP = YES;
				ENABLE_NS_ASSERTIONS = NO;
				ENABLE_STRICT_OBJC_MSGSEND = YES;
				GCC_C_LANGUAGE_STANDARD = gnu99;
				GCC_WARN_64_TO_32_BIT_CONVERSION = YES;
				GCC_WARN_ABOUT_RETURN_TYPE = YES_ERROR;
				GCC_WARN_UNDECLARED_SELECTOR = YES;
				GCC_WARN_UNINITIALIZED_AUTOS = YES_AGGRESSIVE;
				GCC_WARN_UNUSED_FUNCTION = YES;
				GCC_WARN_UNUSED_VARIABLE = YES;
				IPHONEOS_DEPLOYMENT_TARGET = 8.1;
				MTL_ENABLE_DEBUG_INFO = NO;
				SDKROOT = iphoneos;
				VALIDATE_PRODUCT = YES;
			};
			name = Release;
		};
		31F945201A46E4E700BF7C58 /* Debug */ = {
			isa = XCBuildConfiguration;
			buildSettings = {
				ASSETCATALOG_COMPILER_APPICON_NAME = AppIcon;
				INFOPLIST_FILE = ET/Info.plist;
				LD_RUNPATH_SEARCH_PATHS = "$(inherited) @executable_path/Frameworks";
				PRODUCT_NAME = "$(TARGET_NAME)";
			};
			name = Debug;
		};
		31F945211A46E4E700BF7C58 /* Release */ = {
			isa = XCBuildConfiguration;
			buildSettings = {
				ASSETCATALOG_COMPILER_APPICON_NAME = AppIcon;
				INFOPLIST_FILE = ET/Info.plist;
				LD_RUNPATH_SEARCH_PATHS = "$(inherited) @executable_path/Frameworks";
				PRODUCT_NAME = "$(TARGET_NAME)";
			};
			name = Release;
		};
		31F945231A46E4E700BF7C58 /* Debug */ = {
			isa = XCBuildConfiguration;
			buildSettings = {
				BUNDLE_LOADER = "$(TEST_HOST)";
				FRAMEWORK_SEARCH_PATHS = (
					"$(SDKROOT)/Developer/Library/Frameworks",
					"$(inherited)",
				);
				GCC_PREPROCESSOR_DEFINITIONS = (
					"DEBUG=1",
					"$(inherited)",
				);
				INFOPLIST_FILE = ETTests/Info.plist;
				LD_RUNPATH_SEARCH_PATHS = "$(inherited) @executable_path/Frameworks @loader_path/Frameworks";
				PRODUCT_NAME = "$(TARGET_NAME)";
				TEST_HOST = "$(BUILT_PRODUCTS_DIR)/ET.app/ET";
			};
			name = Debug;
		};
		31F945241A46E4E700BF7C58 /* Release */ = {
			isa = XCBuildConfiguration;
			buildSettings = {
				BUNDLE_LOADER = "$(TEST_HOST)";
				FRAMEWORK_SEARCH_PATHS = (
					"$(SDKROOT)/Developer/Library/Frameworks",
					"$(inherited)",
				);
				INFOPLIST_FILE = ETTests/Info.plist;
				LD_RUNPATH_SEARCH_PATHS = "$(inherited) @executable_path/Frameworks @loader_path/Frameworks";
				PRODUCT_NAME = "$(TARGET_NAME)";
				TEST_HOST = "$(BUILT_PRODUCTS_DIR)/ET.app/ET";
			};
			name = Release;
		};
/* End XCBuildConfiguration section */

/* Begin XCConfigurationList section */
		31F944F71A46E4E700BF7C58 /* Build configuration list for PBXProject "ET" */ = {
			isa = XCConfigurationList;
			buildConfigurations = (
				31F9451D1A46E4E700BF7C58 /* Debug */,
				31F9451E1A46E4E700BF7C58 /* Release */,
			);
			defaultConfigurationIsVisible = 0;
			defaultConfigurationName = Release;
		};
		31F9451F1A46E4E700BF7C58 /* Build configuration list for PBXNativeTarget "ET" */ = {
			isa = XCConfigurationList;
			buildConfigurations = (
				31F945201A46E4E700BF7C58 /* Debug */,
				31F945211A46E4E700BF7C58 /* Release */,
			);
			defaultConfigurationIsVisible = 0;
		};
		31F945221A46E4E700BF7C58 /* Build configuration list for PBXNativeTarget "ETTests" */ = {
			isa = XCConfigurationList;
			buildConfigurations = (
				31F945231A46E4E700BF7C58 /* Debug */,
				31F945241A46E4E700BF7C58 /* Release */,
			);
			defaultConfigurationIsVisible = 0;
		};
/* End XCConfigurationList section */
	};
	rootObject = 31F944F41A46E4E700BF7C58 /* Project object */;
}
